
Microsoft Visual Studio Solution File, Format Version 12.00
# Visual Studio Version 16
VisualStudioVersion = 16.0.30717.126
MinimumVisualStudioVersion = 10.0.40219.1
Project("{9A19103F-16F7-4668-BE54-9A1E7A4F7556}") = "dotnet-angular", "dotnet-angular.csproj", "{8E2AB7ED-15CD-44B2-940B-FCF22B33739A}"
EndProject
Global
	GlobalSection(SolutionConfigurationPlatforms) = preSolution
		Debug|Any CPU = Debug|Any CPU
		Release|Any CPU = Release|Any CPU
	EndGlobalSection
	GlobalSection(ProjectConfigurationPlatforms) = postSolution
		{8E2AB7ED-15CD-44B2-940B-FCF22B33739A}.Debug|Any CPU.ActiveCfg = Debug|Any CPU
		{8E2AB7ED-15CD-44B2-940B-FCF22B33739A}.Debug|Any CPU.Build.0 = Debug|Any CPU
		{8E2AB7ED-15CD-44B2-940B-FCF22B33739A}.Release|Any CPU.ActiveCfg = Release|Any CPU
		{8E2AB7ED-15CD-44B2-940B-FCF22B33739A}.Release|Any CPU.Build.0 = Release|Any CPU
	EndGlobalSection
	GlobalSection(SolutionProperties) = preSolution
		HideSolutionNode = FALSE
	EndGlobalSection
	GlobalSection(ExtensibilityGlobals) = postSolution
		SolutionGuid = {6347172A-AE8E-4647-A0D8-44E97135629A}
	EndGlobalSection
EndGlobal
